version = 1
revision = 3
requires-python = "==3.11.*"

[[package]]
name = "annotated-doc"
version = "0.0.5"
source = { registry = "https://pypi.org/simple" }
sdist = { url = "https://files.pythonhosted.org/packages/5a/8e/38aa427ed5402449e226975b649c5dc73ccadfefeb95e6aecb8f8ea4b6b6/annotated_doc-0.0.5.tar.gz", hash = "sha256:c7e58ce09192557605d8bbd92836d7e1d520ac9580096042c0bfd197efacf1bb", size = 10758, upload-time = "2026-07-28T13:50:58.129Z" }
wheels = [
    { url = "https://files.pythonhosted.org/packages/3e/30/e900b21425a860e195f32e37657aa1f7c7f2b1bfb26f03ca209b90933c06/annotated_doc-0.0.5-py3-none-any.whl", hash = "sha256:117bac03a25ede5df5440e855b32d556049ca169ead221505badf432fed4b101", size = 5302, upload-time = "2026-07-28T13:50:57.239Z" },
]

[[package]]
name = "annotated-types"
version = "0.8.0"
source = { registry = "https://pypi.org/simple" }
sdist = { url = "https://files.pythonhosted.org/packages/5f/56/a8120250d128bed162cd73c76d45f6ef9991f3e068f62a8ee060afa3104a/annotated_types-0.8.0.tar.gz", hash = "sha256:13b2beaad985e05e2d6407ee4c4f35590b11f8d693a258a561055cac8f64cab7", size = 15893, upload-time = "2026-07-23T20:16:13.995Z" }
wheels = [
    { url = "https://files.pythonhosted.org/packages/99/91/8acff4f5e50511b911bbccb72b8628a49c68ce14148cd9f6431094859a90/annotated_types-0.8.0-py3-none-any.whl", hash = "sha256:f072f4d804ea359e4eaf198b1af7a8b0943881a87f31bb764f8bf219bb9419e0", size = 13427, upload-time = "2026-07-23T20:16:12.938Z" },
]

[[package]]
name = "anyio"
version = "4.15.1"
source = { registry = "https://pypi.org/simple" }
dependencies = [
    { name = "idna" },
    { name = "typing-extensions" },
]
sdist = { url = "https://files.pythonhosted.org/packages/a9/d2/f4d173e22df740bc37b1db102b386ba719b66e95b0f0d751f556b387e6d2/anyio-4.15.1.tar.gz", hash = "sha256:9f28306018cbd6d329e64a36d58256edff76dd996fe423bc957326e578b82a94", size = 276966, upload-time = "2026-09-05T10:42:39.44Z" }
wheels = [
    { url = "https://files.pythonhosted.org/packages/12/b8/4bd346e22b28902df4d651910f5242c28d84e4a5c2435ca5c3f797ed7e2e/anyio-4.15.1-py3-none-any.whl", hash = "sha256:6152fdbbf9a77fdec97731721bebf7c4c44f7c29b424b0065826173efc7ed101", size = 132079, upload-time = "2026-09-05T10:42:37.923Z" },
]

[[package]]
name = "attrs"
version = "26.1.0"
source = { registry = "https://pypi.org/simple" }
sdist = { url = "https://files.pythonhosted.org/packages/9a/8e/82a0fe20a541c03148528be8cac2408564a6c9a0cc7e9171802bc1d26985/attrs-26.1.0.tar.gz", hash = "sha256:d03ceb89cb322a8fd706d4fb91940737b6642aa36998fe130a9bc96c985eff32", size = 952055, upload-time = "2026-03-19T14:22:25.026Z" }
wheels = [
    { url = "https://files.pythonhosted.org/packages/64/b4/17d4b0b2a2dc85a6df63d1157e028ed19f90d4cd97c36717afef2bc2f395/attrs-26.1.0-py3-none-any.whl", hash = "sha256:c647aa4a12dfbad9333ca4e71fe62ddc36f4e63b2d260a37a8b83d2f043ac309", size = 67548, upload-time = "2026-03-19T14:22:23.645Z" },
]

[[package]]
name = "av"
version = "16.1.0"
source = { registry = "https://pypi.org/simple" }
sdist = { url = "https://files.pythonhosted.org/packages/78/cd/3a83ffbc3cc25b39721d174487fb0d51a76582f4a1703f98e46170ce83d4/av-16.1.0.tar.gz", hash = "sha256:a094b4fd87a3721dacf02794d3d2c82b8d712c85b9534437e82a8a978c175ffd", size = 4285203, upload-time = "2026-01-11T07:31:33.772Z" }
wheels = [
    { url = "https://files.pythonhosted.org/packages/48/d0/b71b65d1b36520dcb8291a2307d98b7fc12329a45614a303ff92ada4d723/av-16.1.0-cp311-cp311-macosx_11_0_x86_64.whl", hash = "sha256:e88ad64ee9d2b9c4c5d891f16c22ae78e725188b8926eb88187538d9dd0b232f", size = 26927747, upload-time = "2026-01-09T20:18:16.976Z" },
    { url = "https://files.pythonhosted.org/packages/2f/79/720a5a6ccdee06eafa211b945b0a450e3a0b8fc3d12922f0f3c454d870d2/av-16.1.0-cp311-cp311-macosx_14_0_arm64.whl", hash = "sha256:cb296073fa6935724de72593800ba86ae49ed48af03960a4aee34f8a611f442b", size = 21492232, upload-time = "2026-01-09T20:18:19.266Z" },
    { url = "https://files.pythonhosted.org/packages/8e/4f/a1ba8d922f2f6d1a3d52419463ef26dd6c4d43ee364164a71b424b5ae204/av-16.1.0-cp311-cp311-manylinux_2_28_aarch64.whl", hash = "sha256:720edd4d25aa73723c1532bb0597806d7b9af5ee34fc02358782c358cfe2f879", size = 39291737, upload-time = "2026-01-09T20:18:21.513Z" },
    { url = "https://files.pythonhosted.org/packages/1a/31/fc62b9fe8738d2693e18d99f040b219e26e8df894c10d065f27c6b4f07e3/av-16.1.0-cp311-cp311-manylinux_2_28_x86_64.whl", hash = "sha256:c7f2bc703d0df260a1fdf4de4253c7f5500ca9fc57772ea241b0cb241bcf972e", size = 40846822, upload-time = "2026-01-09T20:18:24.275Z" },
    { url = "https://files.pythonhosted.org/packages/53/10/ab446583dbce730000e8e6beec6ec3c2753e628c7f78f334a35cad0317f4/av-16.1.0-cp311-cp311-musllinux_1_2_aarch64.whl", hash = "sha256:d69c393809babada7d54964d56099e4b30a3e1f8b5736ca5e27bd7be0e0f3c83", size = 40675604, upload-time = "2026-01-09T20:18:26.866Z" },
    { url = "https://files.pythonhosted.org/packages/31/d7/1003be685277005f6d63fd9e64904ee222fe1f7a0ea70af313468bb597db/av-16.1.0-cp311-cp311-musllinux_1_2_x86_64.whl", hash = "sha256:441892be28582356d53f282873c5a951592daaf71642c7f20165e3ddcb0b4c63", size = 42015955, upload-time = "2026-01-09T20:18:29.461Z" },
    { url = "https://files.pythonhosted.org/packages/2f/4a/fa2a38ee9306bf4579f556f94ecbc757520652eb91294d2a99c7cf7623b9/av-16.1.0-cp311-cp311-win_amd64.whl", hash = "sha256:273a3e32de64819e4a1cd96341824299fe06f70c46f2288b5dc4173944f0fd62", size = 31750339, upload-time = "2026-01-09T20:18:32.249Z" },
]

[[package]]
name = "click"
version = "8.5.0"
source = { registry = "https://pypi.org/simple" }
sdist = { url = "https://files.pythonhosted.org/packages/c7/0e/7fa0ef50764b67090eca4114772a2abf8b6148198475e54c660b97caeee6/click-8.5.0.tar.gz", hash = "sha256:ba0d2089de75ea0310e2dde03160e6ca10009947fb95a182f9b54021bb272e34", size = 382235, upload-time = "2026-08-26T13:33:14.56Z" }
wheels = [
    { url = "https://files.pythonhosted.org/packages/58/50/6c0d534c5f134586a8e1ba4e330569e32f057e33372ae556463212fb4cd3/click-8.5.0-py3-none-any.whl", hash = "sha256:255bc9599cf7748b4b1a446ccc735421bd08a2ae529a8b88597d3de5664ee360", size = 125251, upload-time = "2026-08-26T13:33:12.928Z" },
]

[[package]]
name = "cloudpickle"
version = "3.1.2"
source = { registry = "https://pypi.org/simple" }
sdist = { url = "https://files.pythonhosted.org/packages/27/fb/576f067976d320f5f0114a8d9fa1215425441bb35627b1993e5afd8111e5/cloudpickle-3.1.2.tar.gz", hash = "sha256:7fda9eb655c9c230dab534f1983763de5835249750e85fbcef43aaa30a9a2414", size = 22330, upload-time = "2025-11-03T09:25:26.604Z" }
wheels = [
    { url = "https://files.pythonhosted.org/packages/88/39/799be3f2f0f38cc727ee3b4f1445fe6d5e4133064ec2e4115069418a5bb6/cloudpickle-3.1.2-py3-none-any.whl", hash = "sha256:9acb47f6afd73f60dc1df93bb801b472f05ff42fa6c84167d25cb206be1fbf4a", size = 22228, upload-time = "2025-11-03T09:25:25.534Z" },
]

[[package]]
name = "daemon-tts"
version = "0.1.0"
source = { virtual = "." }
dependencies = [
    { name = "av" },
    { name = "fastapi" },
    { name = "kokoro-onnx" },
    { name = "uvicorn" },
]

[package.metadata]
requires-dist = [
    { name = "av", specifier = "==16.1.0" },
    { name = "fastapi", specifier = "==0.141.1" },
    { name = "kokoro-onnx", specifier = "==0.6.1" },
    { name = "uvicorn", specifier = "==0.40.0" },
]

[[package]]
name = "dlinfo"
version = "2.0.0"
source = { registry = "https://pypi.org/simple" }
sdist = { url = "https://files.pythonhosted.org/packages/85/8e/8f2f94cd40af1b51e8e371a83b385d622170d42f98776441a6118f4dd682/dlinfo-2.0.0.tar.gz", hash = "sha256:88a2bc04f51d01bc604cdc9eb1c3cc0bde89057532ca6a3e71a41f6235433e17", size = 12727, upload-time = "2025-01-16T15:43:10.756Z" }
wheels = [
    { url = "https://files.pythonhosted.org/packages/da/90/022c79d6e5e6f843268c10b84d4a021ee3afba0621d3c176d3ff2024bfc8/dlinfo-2.0.0-py3-none-any.whl", hash = "sha256:b32cc18e3ea67c0ca9ca409e5b41eed863bd1363dbc9dd3de90fedf11b61e7bc", size = 3654, upload-time = "2025-01-16T15:43:09.474Z" },
]

[[package]]
name = "espeakng-loader"
version = "0.2.4"
source = { registry = "https://pypi.org/simple" }
wheels = [
    { url = "https://files.pythonhosted.org/packages/f8/92/f44ed7f531143c3c6c97d56e2b0f9be8728dc05e18b96d46eb539230ed46/espeakng_loader-0.2.4-py3-none-macosx_10_12_x86_64.whl", hash = "sha256:b77477ae2ddf62a748e04e49714eabb2f3a24f344166200b00539083bd669904", size = 9938387, upload-time = "2025-01-17T01:22:42.064Z" },
    { url = "https://files.pythonhosted.org/packages/a8/26/258c0cd43b9bc1043301c5f61767d6a6c3b679df82790c9cb43a3277b865/espeakng_loader-0.2.4-py3-none-macosx_11_0_arm64.whl", hash = "sha256:d27cdca31112226e7299d8562e889d3e38a1e48055c9ee381b45d669072ee59f", size = 9892565, upload-time = "2025-01-17T01:22:40.365Z" },
    { url = "https://files.pythonhosted.org/packages/de/1e/25ec5ab07528c0fbb215a61800a38eca05c8a99445515a02d7fa5debcb32/espeakng_loader-0.2.4-py3-none-manylinux_2_17_x86_64.manylinux2014_x86_64.whl", hash = "sha256:08721baf27d13d461f6be6eed9a65277e70d68234ff484fd8b9897b222cdcb6d", size = 10078484, upload-time = "2025-01-17T01:22:43.373Z" },
    { url = "https://files.pythonhosted.org/packages/d9/ad/1b768d8daffc2996e07bbcb6f534d8de3202cd75fce1f1c45eced1ce6465/espeakng_loader-0.2.4-py3-none-manylinux_2_28_aarch64.whl", hash = "sha256:d1e798141b46a050cdb75fcf3c17db969bb2c40394f3f4a48910655d547508b9", size = 10037736, upload-time = "2025-01-17T01:22:42.576Z" },
    { url = "https://files.pythonhosted.org/packages/9d/ed/a3d872fbad4f3a3f3db0e8c31768ab14e77cd77306de16b8b20b1e1df7ea/espeakng_loader-0.2.4-py3-none-win_amd64.whl", hash = "sha256:41f1e08ac9deda2efd1ea9de0b81dab9f5ae3c4b24284f76533d0a7b1dd7abd7", size = 9437292, upload-time = "2025-01-17T01:23:27.463Z" },
    { url = "https://files.pythonhosted.org/packages/29/64/0b75bc50ec53b4e000bac913625511215aa96124adf5dba8c4baa17c02cd/espeakng_loader-0.2.4-py3-none-win_arm64.whl", hash = "sha256:d7a2928843eaeb2df82f99a370f44e8a630f59b02f9b0d1f168a03c4eeb76b89", size = 9426841, upload-time = "2025-01-17T01:23:21.766Z" },
]

[[package]]
name = "fastapi"
version = "0.141.1"
source = { registry = "https://pypi.org/simple" }
dependencies = [
    { name = "annotated-doc" },
    { name = "pydantic" },
    { name = "starlette" },
    { name = "typing-extensions" },
    { name = "typing-inspection" },
]
sdist = { url = "https://files.pythonhosted.org/packages/8a/02/91e3416a8fdd715abb903a952a6bec7cdd8d14eed55d415fc8595524c319/fastapi-0.141.1.tar.gz", hash = "sha256:e8822fc40db1e1858054d7a949a888695bc9bdce70139178e33bd2871a453ca1", size = 425799, upload-time = "2026-07-29T17:18:05.568Z" }
wheels = [
    { url = "https://files.pythonhosted.org/packages/cb/03/10388a42375ee7e4ac9b94eb2c5c569c8b5795e377e701c9ac3ad63de890/fastapi-0.141.1-py3-none-any.whl", hash = "sha256:bfb91aa2d334c61cb35ba9a116fc123b3d3df31640b801cf57a7a78ec3f603b3", size = 131954, upload-time = "2026-07-29T17:18:04.364Z" },
]

[[package]]
name = "flatbuffers"
version = "25.12.19"
source = { registry = "https://pypi.org/simple" }
wheels = [
    { url = "https://files.pythonhosted.org/packages/e8/2d/d2a548598be01649e2d46231d151a6c56d10b964d94043a335ae56ea2d92/flatbuffers-25.12.19-py2.py3-none-any.whl", hash = "sha256:7634f50c427838bb021c2d66a3d1168e9d199b0607e6329399f04846d42e20b4", size = 26661, upload-time = "2025-12-19T23:16:13.622Z" },
]

[[package]]
name = "h11"
version = "0.16.0"
source = { registry = "https://pypi.org/simple" }
sdist = { url = "https://files.pythonhosted.org/packages/01/ee/02a2c011bdab74c6fb3c75474d40b3052059d95df7e73351460c8588d963/h11-0.16.0.tar.gz", hash = "sha256:4e35b956cf45792e4caa5885e69fba00bdbc6ffafbfa020300e549b208ee5ff1", size = 101250, upload-time = "2025-04-24T03:35:25.427Z" }
wheels = [
    { url = "https://files.pythonhosted.org/packages/04/4b/29cac41a4d98d144bf5f6d33995617b185d14b22401f75ca86f384e87ff1/h11-0.16.0-py3-none-any.whl", hash = "sha256:63cf8bbe7522de3bf65932fda1d9c2772064ffb3dae62d55932da54b31cb6c86", size = 37515, upload-time = "2025-04-24T03:35:24.344Z" },
]

[[package]]
name = "idna"
version = "3.20"
source = { registry = "https://pypi.org/simple" }
sdist = { url = "https://files.pythonhosted.org/packages/f5/08/8eea9d4b8302028f3abb2c0813953f7aec26d33b7a8960ed760e65ff29fa/idna-3.20.tar.gz", hash = "sha256:a7db850025b95ded1eae8a46181a1a6c56c92c96f0e2b005d9ff8dc0210cab44", size = 216463, upload-time = "2026-09-17T14:11:04.752Z" }
wheels = [
    { url = "https://files.pythonhosted.org/packages/58/a2/bb081bab032533a855d44de1d56f8e8426114ff1ba5d1f07a438a0a654f8/idna-3.20-py3-none-any.whl", hash = "sha256:ab7ae7122974553370f0bdb919e1a960b2cd1bc1ef0276416d896db81c14582c", size = 69583, upload-time = "2026-09-17T14:11:03.168Z" },
]

[[package]]
name = "joblib"
version = "1.6.0"
source = { registry = "https://pypi.org/simple" }
dependencies = [
    { name = "cloudpickle" },
]
sdist = { url = "https://files.pythonhosted.org/packages/d5/1d/537ab090f302b838943a1b56497dd53059b9a9b46a074936470173a2e207/joblib-1.6.0.tar.gz", hash = "sha256:2ccc96785b12046c08fd6d55839c12857831b54a3c1673ffadd2f04bfc4eda03", size = 327903, upload-time = "2026-08-31T09:39:04.122Z" }
wheels = [
    { url = "https://files.pythonhosted.org/packages/18/53/84099323c2ec4be98d935f63c033ac4151ee83836ca1050ede3b3aadf155/joblib-1.6.0-py3-none-any.whl", hash = "sha256:3dbbf9f6e4b592a2357b854608e980fe6390d131d7a82f011a377ef2ebef7aba", size = 306115, upload-time = "2026-08-31T09:39:02.298Z" },
]

[[package]]
name = "kokoro-onnx"
version = "0.6.1"
source = { registry = "https://pypi.org/simple" }
dependencies = [
    { name = "espeakng-loader" },
    { name = "numpy" },
    { name = "onnxruntime" },
    { name = "phonemizer" },
]
sdist = { url = "https://files.pythonhosted.org/packages/6b/ef/b58dedba0a1417f16352352787fbcfcbaa0b907e284c2ea3ebaf5541109a/kokoro_onnx-0.6.1.tar.gz", hash = "sha256:7bbdb66dd53775f71088a99999a9aefdad240740daf54cb09410d8bb1e294e35", size = 69799, upload-time = "2026-08-19T00:40:37.021Z" }
wheels = [
    { url = "https://files.pythonhosted.org/packages/60/e1/a27e5a70a525a5ee1fd5357596f07b724d02ff317f134e86cb6e3d9db968/kokoro_onnx-0.6.1-py3-none-any.whl", hash = "sha256:50c8de4950d601df41428ee5462a48c8a78bef441bf671f2492e070ef44d8a32", size = 26084, upload-time = "2026-08-19T00:40:35.746Z" },
]

[[package]]
name = "numpy"
version = "2.4.6"
source = { registry = "https://pypi.org/simple" }
sdist = { url = "https://files.pythonhosted.org/packages/d0/ad/fed0499ce6a338d2a03ebae59cd15093910c8875328855781952abf6c2fe/numpy-2.4.6.tar.gz", hash = "sha256:f3a3570c4a2a16746ac2c31a7c7c7b0c186b95ce902e33db6f28094ed7387dda", size = 20735807, upload-time = "2026-05-18T23:37:14.07Z" }
wheels = [
    { url = "https://files.pythonhosted.org/packages/b3/49/ec46835a70be8fa6446c495126ac84fdb28cb2558e1620ffb87a10c8b64c/numpy-2.4.6-cp311-cp311-macosx_10_9_x86_64.whl", hash = "sha256:0280e0356c0829a18d9de1cb7eee50ec22ca639878d7240307ca0943d73cd2c4", size = 16969194, upload-time = "2026-05-18T23:33:13.503Z" },
    { url = "https://files.pythonhosted.org/packages/0e/0d/f5957185c0ee2f3e12f78715aa9e3b353fd83633316c8532b38faa37e3f6/numpy-2.4.6-cp311-cp311-macosx_11_0_arm64.whl", hash = "sha256:110f8b71aacb688ec69062bb7f6938a0f8acb01b7c1c4beb453c65b6d234584d", size = 14964111, upload-time = "2026-05-18T23:33:17.795Z" },
    { url = "https://files.pythonhosted.org/packages/ad/40/40a40ee0ddf7ceb782c49af278894b686e586d65d8c1889c8b5da01a3d7d/numpy-2.4.6-cp311-cp311-macosx_14_0_arm64.whl", hash = "sha256:4cfe66903cc32a9921a6733d96b19bb6abf310397581bbad89c228f5abaf0ee8", size = 5469159, upload-time = "2026-05-18T23:33:20.654Z" },
    { url = "https://files.pythonhosted.org/packages/63/13/f9a8046535cb21deae82f8d03de9617e08882d274fad2539630761888228/numpy-2.4.6-cp311-cp311-macosx_14_0_x86_64.whl", hash = "sha256:8155154c7c691289fe18f510b5d4657c68c67989f293f0535a91360392ff6538", size = 6798936, upload-time = "2026-05-18T23:33:22.987Z" },
    { url = "https://files.pythonhosted.org/packages/33/a8/6fa8c1a345a8c85dbb21932c447bee07c30a2c2a3f31e369c0a84b300147/numpy-2.4.6-cp311-cp311-manylinux_2_27_aarch64.manylinux_2_28_aarch64.whl", hash = "sha256:0ab0a9c4ffb1a6d95ef519fe4247dba8eb6b18ad93999f76b7f657039acabd47", size = 15966692, upload-time = "2026-05-18T23:33:26.62Z" },
    { url = "https://files.pythonhosted.org/packages/02/03/74fe2a4cb3817d94d86402f2506554130a2f01414e299b5a843e5a8a957f/numpy-2.4.6-cp311-cp311-manylinux_2_27_x86_64.manylinux_2_28_x86_64.whl", hash = "sha256:89cd468399cfd2504718f0ba50e410dca55a170b61a02ad92bb18c8a65186e93", size = 16918164, upload-time = "2026-05-18T23:33:29.955Z" },
    { url = "https://files.pythonhosted.org/packages/c5/80/3615be3313f7e7696609bc194b9f0101da809df79e859bdb84e0cd043f46/numpy-2.4.6-cp311-cp311-musllinux_1_2_aarch64.whl", hash = "sha256:c2d37ab77531417474168eb79d6d80b14f821a966818505d03013d0833edb7a8", size = 17322877, upload-time = "2026-05-18T23:33:34.724Z" },
    { url = "https://files.pythonhosted.org/packages/ca/ac/a691e0fe2675e370d0e08ff905adc49a1c8830e8cae03efe4477e92cd55d/numpy-2.4.6-cp311-cp311-musllinux_1_2_x86_64.whl", hash = "sha256:f407cb6b8e9d6d8c626bc73c945db1706035af8fd632295547bf1c9e46d092d6", size = 18651487, upload-time = "2026-05-18T23:33:38.217Z" },
    { url = "https://files.pythonhosted.org/packages/15/a7/9bc1cd626d7bf6869bfedf27b91b6ab5dd607758bf8e959d6fa80c6a59cb/numpy-2.4.6-cp311-cp311-win32.whl", hash = "sha256:ddea102b48f9e339f3948bf22040944184627a30fdf7f858667673b9c5f033c8", size = 6233945, upload-time = "2026-05-18T23:33:41.331Z" },
    { url = "https://files.pythonhosted.org/packages/c5/31/7fc6239c12bce7e931463251cca4426c465e1876ba3cc785402ef4dd8f4e/numpy-2.4.6-cp311-cp311-win_amd64.whl", hash = "sha256:1e254a00cdf42b1e4d5b3d68d33af63268d41340d8885df2ab6470f2e1500147", size = 12608406, upload-time = "2026-05-18T23:33:44.131Z" },
    { url = "https://files.pythonhosted.org/packages/27/83/140f85a466595a16382996a1bf06b2b54bcd597488921b0c9daaeeda72af/numpy-2.4.6-cp311-cp311-win_arm64.whl", hash = "sha256:ed9749eef4cbd126da3dc1d6bcb3a57f5eb7ac6a6484146bdbf743f552dfc577", size = 10479528, upload-time = "2026-05-18T23:33:50.725Z" },
    { url = "https://files.pythonhosted.org/packages/de/12/b422cc84439adc0d00de605bf4a308890ae5c26f2c71fbd73e5d08fbb0dd/numpy-2.4.6-pp311-pypy311_pp73-macosx_10_15_x86_64.whl", hash = "sha256:55cced7c52e981362f708ad635198e97a752dfba412cc03c23bbf3bd8d5cd662", size = 16847511, upload-time = "2026-05-18T23:36:50.673Z" },
    { url = "https://files.pythonhosted.org/packages/44/53/f481bef68011740f8849418d82db07230e825013f31f4eef5ba5b805316a/numpy-2.4.6-pp311-pypy311_pp73-macosx_11_0_arm64.whl", hash = "sha256:d6da64deb6b8ed903e7560180a92f2d804ee1ba5eeb849ac2748b8c1aba1f6d7", size = 14889064, upload-time = "2026-05-18T23:36:53.879Z" },
    { url = "https://files.pythonhosted.org/packages/7f/57/42ed575c10ced8af951d426bc4e1f8aff16fd851db33f067036215a7f860/numpy-2.4.6-pp311-pypy311_pp73-macosx_14_0_arm64.whl", hash = "sha256:68a5124b13fa6cc2086764a20005d30bc0548146f7f5322f02fce212ca14317f", size = 5394157, upload-time = "2026-05-18T23:36:57.194Z" },
    { url = "https://files.pythonhosted.org/packages/6a/ef/f66cc724fcc36c1e364c67f51ae9146090b8b584f27d58b97fdae3edd737/numpy-2.4.6-pp311-pypy311_pp73-macosx_14_0_x86_64.whl", hash = "sha256:948424b06129ce883307e8cff868c31396d8dc7630a59c61d70d98dbe70f222c", size = 6708728, upload-time = "2026-05-18T23:36:59.575Z" },
    { url = "https://files.pythonhosted.org/packages/1a/9c/c531f2293b91265d8b48e9b329f54fdd7ffae73cb4134ea10cca4237e9cc/numpy-2.4.6-pp311-pypy311_pp73-manylinux_2_27_aarch64.manylinux_2_28_aarch64.whl", hash = "sha256:5dbbdb29840ca3d91ee0fece42fc29278886d908280bfec0a5846c6f901a3eb0", size = 15798374, upload-time = "2026-05-18T23:37:02.674Z" },
    { url = "https://files.pythonhosted.org/packages/1a/b0/413077f6b1153ed3cba361401c6783bbad6114804a000cc22eb71c13e190/numpy-2.4.6-pp311-pypy311_pp73-manylinux_2_27_x86_64.manylinux_2_28_x86_64.whl", hash = "sha256:8ad03c0965fb3c692200e74d458ca28c1dbb4ce96f9a479a8aa041ad5fabca02", size = 16747286, upload-time = "2026-05-18T23:37:06.327Z" },
    { url = "https://files.pythonhosted.org/packages/15/ce/e5ec180bc41812edcd8daeb8639d205622c0e8c02259d8ab25a0201b3c2a/numpy-2.4.6-pp311-pypy311_pp73-win_amd64.whl", hash = "sha256:2803abfebfc990042cd494d8ce2d5f82e9d847af6d35ec486923aa19dbad5e73", size = 12504263, upload-time = "2026-05-18T23:37:09.715Z" },
]

[[package]]
name = "onnxruntime"
version = "1.30.0"
source = { registry = "https://pypi.org/simple" }
dependencies = [
    { name = "flatbuffers" },
    { name = "numpy" },
    { name = "packaging" },
    { name = "protobuf" },
]
wheels = [
    { url = "https://files.pythonhosted.org/packages/73/b6/e2fa6dfc8c3cd19639d452c3120fb0e02f5176b4e24ecabb24b5362be725/onnxruntime-1.30.0-cp311-cp311-macosx_14_0_arm64.whl", hash = "sha256:f36c87ec504f4f328e968ee322e4ba9682abe66280b3425625afcbed5333fed7", size = 21533037, upload-time = "2026-09-10T16:31:03.582Z" },
    { url = "https://files.pythonhosted.org/packages/4f/1a/4d197d2676a866f6239cd2d06a95b6db40d47dc29d5bec9fb1493a13dd94/onnxruntime-1.30.0-cp311-cp311-manylinux_2_28_aarch64.whl", hash = "sha256:bac3aee7b40acd805659fd81a2acd6096312d5b0f014c97ddfe75fb4c1644627", size = 21332697, upload-time = "2026-09-10T16:31:08.118Z" },
    { url = "https://files.pythonhosted.org/packages/4f/2e/4c96278a99140d0307ccda6fd51e6e9d1ca7c9f6fdd1fa96ff375acfc713/onnxruntime-1.30.0-cp311-cp311-manylinux_2_28_x86_64.whl", hash = "sha256:fd54b314ea385bcecac69ab431f020ba503e3878dad4ebb645fec5a24b041242", size = 23561046, upload-time = "2026-09-10T16:31:11.494Z" },
    { url = "https://files.pythonhosted.org/packages/66/68/b8aaade8c1883f569228f4b57201cce922bb7d4af6f977d619520a733430/onnxruntime-1.30.0-cp311-cp311-win_amd64.whl", hash = "sha256:0edd0145a6e3fce8a1276491dc784d615e3c58bcb952c9b4e5c876d5c6a12ad7", size = 14309136, upload-time = "2026-09-10T16:31:14.181Z" },
    { url = "https://files.pythonhosted.org/packages/96/f1/fbda6fb08ac4db6c5c6f7c3e128e4d8fb398b52fe2fc3282c45cadedd18b/onnxruntime-1.30.0-cp311-cp311-win_arm64.whl", hash = "sha256:16506cfa5d218850f2b46e0edce1b952121f2f84f8e0074dafe15f4787f0c8fb", size = 14167408, upload-time = "2026-09-10T16:31:16.505Z" },
]

[[package]]
name = "packaging"
version = "26.3"
source = { registry = "https://pypi.org/simple" }
sdist = { url = "https://files.pythonhosted.org/packages/7d/fa/3944b40b07da9ce895c0e6303a5ab7d53da063554f534556b134a54d6093/packaging-26.3.tar.gz", hash = "sha256:94edc256424af38762eb31306eed28beb9f0efc50a8837492c9d6fd6004aed79", size = 313412, upload-time = "2026-08-04T18:15:28.737Z" }
wheels = [
    { url = "https://files.pythonhosted.org/packages/63/34/ba1c580383c9eada3711951fef0795c80b829a078d72188184bcab9dd527/packaging-26.3-py3-none-any.whl", hash = "sha256:d7193f7c8e4e93f444fde0262bf90af30e16fa0ad0ad44cb553c87339b23cd1c", size = 129956, upload-time = "2026-08-04T18:15:27.159Z" },
]

[[package]]
name = "phonemizer"
version = "3.4.0"
source = { registry = "https://pypi.org/simple" }
dependencies = [
    { name = "attrs" },
    { name = "dlinfo" },
    { name = "joblib" },
    { name = "typing-extensions" },
]
sdist = { url = "https://files.pythonhosted.org/packages/bc/7d/5a96ddb130552f6365a090b5fd12ace803a95a858e3f67258f2ad13dc51f/phonemizer-3.4.0.tar.gz", hash = "sha256:e13231980c50bc671ec0466379ba027260ad9d61929952d8ae9665b3d0f251eb", size = 93535, upload-time = "2026-07-31T15:53:17.329Z" }
wheels = [
    { url = "https://files.pythonhosted.org/packages/37/41/09bafd0ccf4f4ddd1530c9f9d10e75a24056e10e120b9daa97f691fcabc3/phonemizer-3.4.0-py3-none-any.whl", hash = "sha256:5ff1215d0efa3606dd1b92449f6d71b5c1741efcc84c6d40c17bfaf64f6ded5f", size = 108529, upload-time = "2026-07-31T15:53:16.056Z" },
]

[[package]]
name = "protobuf"
version = "7.36.2"
source = { registry = "https://pypi.org/simple" }
sdist = { url = "https://files.pythonhosted.org/packages/d9/89/5b8517baa72f84a67b8a307ba953c91057af618bf40bf676f3c03551f8f0/protobuf-7.36.2.tar.gz", hash = "sha256:497d0463ff3316681da6c0b9e8d06cb465d61abce00b613ab42226175644d1bb", size = 512737, upload-time = "2026-09-17T20:07:59.326Z" }
wheels = [
    { url = "https://files.pythonhosted.org/packages/32/72/98342feb672507c8f3a69e34b4fa8961f608edba5c1a48a6f47156d92cb5/protobuf-7.36.2-cp310-abi3-macosx_10_9_universal2.whl", hash = "sha256:cbc70b17ee27e28894c7fee8bb04be1abead49e936bc70eb60052531eee2079e", size = 456039, upload-time = "2026-09-17T20:07:51.542Z" },
    { url = "https://files.pythonhosted.org/packages/b6/ea/91fdf7c2b8bbd49cde056f00a9df6773532987e1c00fe2830b895af95c7e/protobuf-7.36.2-cp310-abi3-manylinux2014_aarch64.whl", hash = "sha256:e11e1f0180583a2af89db6a2ecd9e8dc40aa6d2988ca175bfd0e6d12ea72d74e", size = 344219, upload-time = "2026-09-17T20:07:52.914Z" },
    { url = "https://files.pythonhosted.org/packages/17/ab/5fd5f8ece73fad885c5a09aa849b32d70472f954ba3a92d3bb5974ea953b/protobuf-7.36.2-cp310-abi3-manylinux2014_s390x.whl", hash = "sha256:f4fee11ec330d238b34a05c9b675f693c20415d1c5bd7d5320cc2f8a798eb9cf", size = 357223, upload-time = "2026-09-17T20:07:53.985Z" },
    { url = "https://files.pythonhosted.org/packages/db/f3/3996583dd2906297a637af12114deddf7658af6e683fedb83be061983fb5/protobuf-7.36.2-cp310-abi3-manylinux2014_x86_64.whl", hash = "sha256:89f23aa53c24553a2416fd4fd1ec06f74fa42b14b546d8883128813f775bbfd2", size = 343223, upload-time = "2026-09-17T20:07:54.931Z" },
    { url = "https://files.pythonhosted.org/packages/fc/1b/dcc64f358fcb51811b58ae40b3d28f820725f116d86487cc20bd4b130701/protobuf-7.36.2-cp310-abi3-win32.whl", hash = "sha256:912c1221170e16c08d1f086762f563dd61ff83c18b5fa6652952dfaded66f728", size = 442998, upload-time = "2026-09-17T20:07:55.826Z" },
    { url = "https://files.pythonhosted.org/packages/8a/55/b77bda4e5e5f5971fb51b07663694690e9afdb9402136c16a522bd621cad/protobuf-7.36.2-cp310-abi3-win_amd64.whl", hash = "sha256:a300819d441e078a5608c0d3c709796bb548136058fda017ae51d425b44fd353", size = 456514, upload-time = "2026-09-17T20:07:57.188Z" },
    { url = "https://files.pythonhosted.org/packages/e4/04/d52c7016b04b6c5108f26691f9d33ec82a9b65d041f1a9c771137693d618/protobuf-7.36.2-py3-none-any.whl", hash = "sha256:bdb3a345d48db958e6ce1f18e508beb0cc981d64f24088427549c866cd039f1e", size = 179806, upload-time = "2026-09-17T20:07:58.211Z" },
]

[[package]]
name = "pydantic"
version = "2.13.5"
source = { registry = "https://pypi.org/simple" }
dependencies = [
    { name = "annotated-types" },
    { name = "pydantic-core" },
    { name = "typing-extensions" },
    { name = "typing-inspection" },
]
sdist = { url = "https://files.pythonhosted.org/packages/53/ef/fc4f868f4e2cee79f863883abffceff107875f569b848507319842d2a681/pydantic-2.13.5.tar.gz", hash = "sha256:51a9c5f7b2f8e636f04c6cada605d9b6a3bf1348fdf945a3d8869b19bba0ee08", size = 845750, upload-time = "2026-08-28T14:04:00.916Z" }
wheels = [
    { url = "https://files.pythonhosted.org/packages/eb/47/c95ffc2009878c7aac0c5e08528022dcb885933252a88b5f170058014464/pydantic-2.13.5-py3-none-any.whl", hash = "sha256:346a034f080da3755d8e9cb5e00e8b07de1d39e4f6e2c87d8ab7cafa0b269a73", size = 472589, upload-time = "2026-08-28T14:03:59.136Z" },
]

[[package]]
name = "pydantic-core"
version = "2.46.5"
source = { registry = "https://pypi.org/simple" }
dependencies = [
    { name = "typing-extensions" },
]
sdist = { url = "https://files.pythonhosted.org/packages/af/f9/8a06bea35ef8daf588f707784c973a7046e0034c8d8cfb08828eeffb8b75/pydantic_core-2.46.5.tar.gz", hash = "sha256:10416c15b8839ecc4ef4d0885da76da6fd0f67333a0eb8aff6d93c4b8f2910fc", size = 472262, upload-time = "2026-08-28T10:01:31.677Z" }
wheels = [
    { url = "https://files.pythonhosted.org/packages/a2/b6/81d2d19ea0be2c03664381b59f65fa72fc7969decedae00bc2c4ad835708/pydantic_core-2.46.5-cp311-cp311-macosx_10_12_x86_64.whl", hash = "sha256:a1dee1b804ff4d11c663636cf15d2ea47e9f79cd56c033fb1cbf08924842a48f", size = 2074737, upload-time = "2026-08-28T09:57:57.711Z" },
    { url = "https://files.pythonhosted.org/packages/0c/18/b70da8300e292df4099684ea11b1958043580d2f50d2dc8bf7e542bdd84a/pydantic_core-2.46.5-cp311-cp311-macosx_11_0_arm64.whl", hash = "sha256:d625a186a65201c23a9e3b8ed9c47e90a026e03256608cc91851c6709096844f", size = 1921751, upload-time = "2026-08-28T09:57:59.265Z" },
    { url = "https://files.pythonhosted.org/packages/e7/1a/0d590341b6ffa4b4aca83508e6b8db4761aaeacfc15a25ca3815876d4797/pydantic_core-2.46.5-cp311-cp311-manylinux_2_17_aarch64.manylinux2014_aarch64.whl", hash = "sha256:4f8507560a9284e1370bb048ed4282012fbef4e8d109875b95e884d228552061", size = 1948231, upload-time = "2026-08-28T09:58:00.678Z" },
    { url = "https://files.pythonhosted.org/packages/7d/1d/02eb35761c51f2f7b1b042d6ab4cda6600f0c8c88a2243b3f734376201e5/pydantic_core-2.46.5-cp311-cp311-manylinux_2_17_armv7l.manylinux2014_armv7l.whl", hash = "sha256:5f93c5fe914d75fbec9a49209b00da5f08e9e467d69da2b1510c81940cfd10be", size = 2020708, upload-time = "2026-08-28T09:58:02.267Z" },
    { url = "https://files.pythonhosted.org/packages/4a/ea/f86073830e35d508cc8ddf9c3d9e6e6840fcb88d34bf726b0b4710186f27/pydantic_core-2.46.5-cp311-cp311-manylinux_2_17_ppc64le.manylinux2014_ppc64le.whl", hash = "sha256:aca6c767f552b21b10f774aeac128e828eafb796adfa1b666a18bf6321453c3a", size = 2194914, upload-time = "2026-08-28T09:58:03.934Z" },
    { url = "https://files.pythonhosted.org/packages/bb/d7/fc36240d7791ce90939e51608568c33bfdae26202016f9770c229a487d86/pydantic_core-2.46.5-cp311-cp311-manylinux_2_17_s390x.manylinux2014_s390x.whl", hash = "sha256:701b2e04b560eeb4bddf7a25ab8ca476176e34fdbd9a0e18196f0d12d4685f0b", size = 2235622, upload-time = "2026-08-28T09:58:05.516Z" },
    { url = "https://files.pythonhosted.org/packages/cf/bc/3fa2d76b83162820a17da7f645b28d1cba99fc8e1e5fc6517067ec450fa1/pydantic_core-2.46.5-cp311-cp311-manylinux_2_17_x86_64.manylinux2014_x86_64.whl", hash = "sha256:49776eab08766a08dfff7012f8b422dcd7e25e43b316eedf0477c24fcfa84b7c", size = 2062091, upload-time = "2026-08-28T09:58:07.135Z" },
    { url = "https://files.pythonhosted.org/packages/ab/9a/095d557bb492c90cd8a70a6dd048bf793d433d03d86c81c11e912e4cd049/pydantic_core-2.46.5-cp311-cp311-manylinux_2_31_riscv64.whl", hash = "sha256:a2468d93d181667a7abd66e1b64bb9f76f361b0fef8faddf687456453576f5ee", size = 2089904, upload-time = "2026-08-28T09:58:08.814Z" },
    { url = "https://files.pythonhosted.org/packages/24/98/7b76b1ad10a19a617a52aaa1d80e159115af939b095e86f8e756fd52e0df/pydantic_core-2.46.5-cp311-cp311-manylinux_2_5_i686.manylinux1_i686.whl", hash = "sha256:53feb344243bb9510a9dec7bf3cf1b64d88a98af5dc7872a5160465f8b198c8e", size = 2132244, upload-time = "2026-08-28T09:58:10.435Z" },
    { url = "https://files.pythonhosted.org/packages/20/32/7d6ca365fadba186a0c8f85de1a701663bce81efd309d9479be58687622f/pydantic_core-2.46.5-cp311-cp311-musllinux_1_1_aarch64.whl", hash = "sha256:cd5214352ae68f3b5e9af7768bdc5253695ee069675db3480518420b3be881f2", size = 2143901, upload-time = "2026-08-28T09:58:12.033Z" },
    { url = "https://files.pythonhosted.org/packages/f8/09/eb9a6aa57f22fd1541a9c0aa2a1f3aeef3ec65347d33e10a6da2f43e0ee9/pydantic_core-2.46.5-cp311-cp311-musllinux_1_1_armv7l.whl", hash = "sha256:9432f3598db432cb51c5b37fdbf29a60fcccc79e30d37a05022776a6bc4ab689", size = 2299425, upload-time = "2026-08-28T09:58:13.614Z" },
    { url = "https://files.pythonhosted.org/packages/8a/f9/548a5bb9d4ba8cd26e26daf48052236f6b38bb61e7b7241fbc3c995719eb/pydantic_core-2.46.5-cp311-cp311-musllinux_1_1_x86_64.whl", hash = "sha256:8feeac04b5794e513e710af2f9c87d49f31a6dc47967bb264a1fed61a8989bec", size = 2318566, upload-time = "2026-08-28T09:58:15.199Z" },
    { url = "https://files.pythonhosted.org/packages/4a/20/06454d18834c02c406c9133f1a3b485305fd9ee984f9636c2f730bef6a9d/pydantic_core-2.46.5-cp311-cp311-win32.whl", hash = "sha256:892a881d5f68c2b9ea304b7a6c2c60d9343df578a311b0f86b94bc8f1ffe8129", size = 1954258, upload-time = "2026-08-28T09:58:16.813Z" },
    { url = "https://files.pythonhosted.org/packages/9e/c2/718b9deb4b72453b5d8c7447a3b14cb77bef36917ef5f514e0948a4096a0/pydantic_core-2.46.5-cp311-cp311-win_amd64.whl", hash = "sha256:40375c2d05acec10323e45dfe2077ac44bc74659008614af5069034e2cfc781c", size = 2041030, upload-time = "2026-08-28T09:58:18.288Z" },
    { url = "https://files.pythonhosted.org/packages/67/ea/c1d1a5b72d6e1ff7f377a4d9199f6591f095beb5b409a8a5d89f7238d939/pydantic_core-2.46.5-cp311-cp311-win_arm64.whl", hash = "sha256:28a6a556cd3b6066bea827857f9d9cce027c96f776e512f544a581f9e42161f8", size = 2009234, upload-time = "2026-08-28T09:58:19.929Z" },
    { url = "https://files.pythonhosted.org/packages/af/1e/ecca01fce348f7e8afa9572441ff6f7d1cc70d21e4859f33944d10877e1e/pydantic_core-2.46.5-graalpy311-graalpy242_311_native-macosx_10_12_x86_64.whl", hash = "sha256:c14ad3bdc85ee7f318742c457ca3968a92126d144b15721c759033bfb06296c2", size = 2075342, upload-time = "2026-08-28T10:00:51.353Z" },
    { url = "https://files.pythonhosted.org/packages/1f/4c/af80c7a8032dfc897040ad5cb772bebde529a381186499e6e29987f23f8c/pydantic_core-2.46.5-graalpy311-graalpy242_311_native-macosx_11_0_arm64.whl", hash = "sha256:0bddb4020d8f04175865ccd17eff3040874fc11fb593f424edb452653b4b947c", size = 1907219, upload-time = "2026-08-28T10:00:53.438Z" },
    { url = "https://files.pythonhosted.org/packages/be/3e/54d89e2b092e778716bf6153634ef479e955f48c261090be23aa1e0fb0b5/pydantic_core-2.46.5-graalpy311-graalpy242_311_native-manylinux_2_17_aarch64.manylinux2014_aarch64.whl", hash = "sha256:2471fd51c61c610e1dcf7de44d7299283661654d11264ab4802b303368d69c47", size = 1953393, upload-time = "2026-08-28T10:00:55.58Z" },
    { url = "https://files.pythonhosted.org/packages/ea/89/828ee90cda28ce17bdefaa3a6eaf74fe430e113295a10e6126beca559d6c/pydantic_core-2.46.5-graalpy311-graalpy242_311_native-manylinux_2_17_x86_64.manylinux2014_x86_64.whl", hash = "sha256:b10ec717381bdbfafef34607824db4c91de69ff085e4fca3b2af91b4fa17e68a", size = 2099024, upload-time = "2026-08-28T10:00:57.794Z" },
    { url = "https://files.pythonhosted.org/packages/20/21/22102e9950b3049526d20e811b95396508377d87651edd2b80d2b3d28659/pydantic_core-2.46.5-pp311-pypy311_pp73-macosx_10_12_x86_64.whl", hash = "sha256:ab4b66edffb32d9e951efb3814bd104b8367a7501b81b955cacb5726d897389f", size = 2071333, upload-time = "2026-08-28T10:01:09.636Z" },
    { url = "https://files.pythonhosted.org/packages/d8/18/87aefa427d191e6d3ab1447f1efc1cdcac86af1069239b133e8a0fd7f7c9/pydantic_core-2.46.5-pp311-pypy311_pp73-macosx_11_0_arm64.whl", hash = "sha256:337639ba62a11acde6ef3aeb08c8ea755f8ef1fe5e513356c0f36a2b0d7568b0", size = 1912713, upload-time = "2026-08-28T10:01:12.285Z" },
    { url = "https://files.pythonhosted.org/packages/1f/93/fd89e9ad49b1805ca94d24ce1088b7d305f05c35ffafcedb9819d03588a0/pydantic_core-2.46.5-pp311-pypy311_pp73-manylinux_2_17_x86_64.manylinux2014_x86_64.whl", hash = "sha256:413a717a410d0c817ef5b786a059415550b3794e1d0c2abffd9efb93a3d9f7b4", size = 2090926, upload-time = "2026-08-28T10:01:15.19Z" },
    { url = "https://files.pythonhosted.org/packages/6f/45/8e59dab6acf8d35f02f0a958980074f31038968bdb2c983fcae9d1efee03/pydantic_core-2.46.5-pp311-pypy311_pp73-manylinux_2_5_i686.manylinux1_i686.whl", hash = "sha256:1e449def1945a462c464331254e5a44fca7c3b4f9aedf59ec2f50f8066dd8e25", size = 2131303, upload-time = "2026-08-28T10:01:17.937Z" },
    { url = "https://files.pythonhosted.org/packages/d5/a5/e1d4dc5180dd887a9522efc1f8716b8692b7606b1d3273d7862eaf66be44/pydantic_core-2.46.5-pp311-pypy311_pp73-musllinux_1_1_aarch64.whl", hash = "sha256:a445486499897b88a7d6c310c88ed64dd37b1b59bfd7ae9107490bbb362f47d6", size = 2145128, upload-time = "2026-08-28T10:01:20.694Z" },
    { url = "https://files.pythonhosted.org/packages/c2/d7/ad493864a7fb21c0c4df98f965e2db430cb25a9d7369b5778d5016c09fd9/pydantic_core-2.46.5-pp311-pypy311_pp73-musllinux_1_1_armv7l.whl", hash = "sha256:2d330aaba8621b1edcec8ae2c4050f63b84ccf6d98723a8f212e9684713abf0e", size = 2294560, upload-time = "2026-08-28T10:01:23.495Z" },
    { url = "https://files.pythonhosted.org/packages/02/8e/b41c84c913f29973a268e6c2b5bbf13c95adb9956c126d10da11ba3b2bef/pydantic_core-2.46.5-pp311-pypy311_pp73-musllinux_1_1_x86_64.whl", hash = "sha256:b6acfb46a814762367fb7ba0828b0a17d441b92ce249a0e007474c9072662dda", size = 2317531, upload-time = "2026-08-28T10:01:26.334Z" },
    { url = "https://files.pythonhosted.org/packages/db/1d/068464f23075f66a8f1b806935e9cd9363ee446636ea70d2c22ee8659dbf/pydantic_core-2.46.5-pp311-pypy311_pp73-win_amd64.whl", hash = "sha256:d0a24b40877af2de4950252be9d21eaf7fb07660f3c2cae1f56c6b599ada5266", size = 2140686, upload-time = "2026-08-28T10:01:28.947Z" },
]

[[package]]
name = "starlette"
version = "1.7.0"
source = { registry = "https://pypi.org/simple" }
dependencies = [
    { name = "anyio" },
    { name = "typing-extensions" },
]
sdist = { url = "https://files.pythonhosted.org/packages/7b/2b/3850dc6bf7ef71b088962eba31dafc6cffd2f96e577ebb0bb316df96da3e/starlette-1.7.0.tar.gz", hash = "sha256:c79f74ea63cff761804fbbfb182f1e0b440c2d07b164d24700c5a1bab5d6ff5d", size = 2736246, upload-time = "2026-09-23T07:30:26.35Z" }
wheels = [
    { url = "https://files.pythonhosted.org/packages/4e/d6/1ec1b290f9e0fb067899b61e1d37a30c923068bad260b216dbe37a7d2967/starlette-1.7.0-py3-none-any.whl", hash = "sha256:67f8e99895493dd2911a03f11314af6ceebeae4e704bb9f43dfc6a9db151c93e", size = 78980, upload-time = "2026-09-23T07:30:24.567Z" },
]

[[package]]
name = "typing-extensions"
version = "4.16.0"
source = { registry = "https://pypi.org/simple" }
sdist = { url = "https://files.pythonhosted.org/packages/f6/cc/6253133b5bb138fc3306cebfbda2c520f545d36b5be2c7255cc528bb45d6/typing_extensions-4.16.0.tar.gz", hash = "sha256:dc983d19a509c94dba722ee6abd33940f7c05a89e243c47e907eb4db6f1a43e5", size = 113555, upload-time = "2026-07-02T08:40:05.92Z" }
wheels = [
    { url = "https://files.pythonhosted.org/packages/49/d3/b8441a820a491ddfc024b0b0cf0393375b75ea13866d9c66727e54c2fc80/typing_extensions-4.16.0-py3-none-any.whl", hash = "sha256:481caa481374e813c1b176ada14e97f1f67a4539ce9cfeb3f350d78d6370c2e8", size = 45571, upload-time = "2026-07-02T08:40:04.659Z" },
]

[[package]]
name = "typing-inspection"
version = "0.4.4"
source = { registry = "https://pypi.org/simple" }
dependencies = [
    { name = "typing-extensions" },
]
sdist = { url = "https://files.pythonhosted.org/packages/a3/26/b09b8010994eccc3c09092e6b34058f36a460eea2d4c3e8b910c695975a0/typing_inspection-0.4.4.tar.gz", hash = "sha256:547274fa6b0a561ccf549cc9524b999a578e737d015d8709d021f9d0d13bea47", size = 76928, upload-time = "2026-08-12T12:37:25.997Z" }
wheels = [
    { url = "https://files.pythonhosted.org/packages/67/81/4add07e5172b7ac40d8ed5ff580409a7801a4fe26d529bdd915401dabfbe/typing_inspection-0.4.4-py3-none-any.whl", hash = "sha256:65b8397ba37ccbce054456aaccddfc91e6e3083c92824df348d96ca832f3f147", size = 14750, upload-time = "2026-08-12T12:37:24.648Z" },
]

[[package]]
name = "uvicorn"
version = "0.40.0"
source = { registry = "https://pypi.org/simple" }
dependencies = [
    { name = "click" },
    { name = "h11" },
]
sdist = { url = "https://files.pythonhosted.org/packages/c3/d1/8f3c683c9561a4e6689dd3b1d345c815f10f86acd044ee1fb9a4dcd0b8c5/uvicorn-0.40.0.tar.gz", hash = "sha256:839676675e87e73694518b5574fd0f24c9d97b46bea16df7b8c05ea1a51071ea", size = 81761, upload-time = "2025-12-21T14:16:22.45Z" }
wheels = [
    { url = "https://files.pythonhosted.org/packages/3d/d8/2083a1daa7439a66f3a48589a57d576aa117726762618f6bb09fe3798796/uvicorn-0.40.0-py3-none-any.whl", hash = "sha256:c6c8f55bc8bf13eb6fa9ff87ad62308bbbc33d0b67f84293151efe87e0d5f2ee", size = 68502, upload-time = "2025-12-21T14:16:21.041Z" },
]
